{
  "requires": true,
  "lockfileVersion": 1,
  "dependencies": {
    "electron-localshortcut": {
      "version": "0.6.1",
      "resolved": "https://registry.npmjs.org/electron-localshortcut/-/electron-localshortcut-0.6.1.tgz",
      "integrity": "sha1-xOJow4puQvQN5WGPyQbR7WCPEao="
    },
    "electron-window-manager": {
      "version": "1.0.6",
      "resolved": "https://registry.npmjs.org/electron-window-manager/-/electron-window-manager-1.0.6.tgz",
      "integrity": "sha512-hiHuZmqeBSgrfPdqWhXUaqhsczbU2lwv3SlJaLgMhA3lYNDlT3PkkpYTF12vbuyikcpKlFBoVv0mhacs2C/PYQ==",
      "requires": {
        "electron-localshortcut": "0.6.1",
        "melanke-watchjs": "1.4.3",
        "underscore": "1.9.1"
      }
    },
    "melanke-watchjs": {
      "version": "1.4.3",
      "resolved": "https://registry.npmjs.org/melanke-watchjs/-/melanke-watchjs-1.4.3.tgz",
      "integrity": "sha1-+/dyJZy2xIKebvndR9dM/BfKyYI="
    },
    "redux-localstorage": {
      "version": "0.4.1",
      "resolved": "https://registry.npmjs.org/redux-localstorage/-/redux-localstorage-0.4.1.tgz",
      "integrity": "sha1-+vbXGcWBOXKU2BFHP/zt7gZckzw="
    },
    "underscore": {
      "version": "1.9.1",
      "resolved": "https://registry.npmjs.org/underscore/-/underscore-1.9.1.tgz",
      "integrity": "sha512-5/4etnCkd9c8gwgowi5/om/mYO5ajCaOgdzj/oW+0eQV9WxKBDZw5+ycmKmeaTXjInS/W0BzpGLo2xR2aBwZdg=="
    }
  }
}
